
Microsoft Visual Studio Solution File, Format Version 12.00
# Visual Studio Version 17
VisualStudioVersion = 17.1.32228.430
MinimumVisualStudioVersion = 10.0.40219.1
Project("{FAE04EC0-301F-11D3-BF4B-00C04F79EFBC}") = "CSharp_Hands-On", "CSharp_Hands-On\CSharp_Hands-On.csproj", "{E190CF1A-3381-410F-84D3-3E469B3D069D}"
EndProject
Global
	GlobalSection(SolutionConfigurationPlatforms) = preSolution
		Debug|Any CPU = Debug|Any CPU
		Release|Any CPU = Release|Any CPU
	EndGlobalSection
	GlobalSection(ProjectConfigurationPlatforms) = postSolution
		{E190CF1A-3381-410F-84D3-3E469B3D069D}.Debug|Any CPU.ActiveCfg = Debug|Any CPU
		{E190CF1A-3381-410F-84D3-3E469B3D069D}.Debug|Any CPU.Build.0 = Debug|Any CPU
		{E190CF1A-3381-410F-84D3-3E469B3D069D}.Release|Any CPU.ActiveCfg = Release|Any CPU
		{E190CF1A-3381-410F-84D3-3E469B3D069D}.Release|Any CPU.Build.0 = Release|Any CPU
	EndGlobalSection
	GlobalSection(SolutionProperties) = preSolution
		HideSolutionNode = FALSE
	EndGlobalSection
	GlobalSection(ExtensibilityGlobals) = postSolution
		SolutionGuid = {CB5DDA56-1A58-45DE-91B9-9C7C466D31B4}
	EndGlobalSection
EndGlobal
